
Microsoft Visual Studio Solution File, Format Version 12.00
# Visual Studio Version 16
VisualStudioVersion = 16.0.29411.108
MinimumVisualStudioVersion = 10.0.40219.1
Project("{9A19103F-16F7-4668-BE54-9A1E7A4F7556}") = "csharp_datarow_extensions", "csharp_openapi_datarow_extensions\csharp_datarow_extensions.csproj", "{9C8091E8-1E92-432D-9DBE-FB2DDEC468F5}"
EndProject
Global
	GlobalSection(SolutionConfigurationPlatforms) = preSolution
		Debug|Any CPU = Debug|Any CPU
		Release|Any CPU = Release|Any CPU
	EndGlobalSection
	GlobalSection(ProjectConfigurationPlatforms) = postSolution
		{9C8091E8-1E92-432D-9DBE-FB2DDEC468F5}.Debug|Any CPU.ActiveCfg = Debug|Any CPU
		{9C8091E8-1E92-432D-9DBE-FB2DDEC468F5}.Debug|Any CPU.Build.0 = Debug|Any CPU
		{9C8091E8-1E92-432D-9DBE-FB2DDEC468F5}.Release|Any CPU.ActiveCfg = Release|Any CPU
		{9C8091E8-1E92-432D-9DBE-FB2DDEC468F5}.Release|Any CPU.Build.0 = Release|Any CPU
	EndGlobalSection
	GlobalSection(SolutionProperties) = preSolution
		HideSolutionNode = FALSE
	EndGlobalSection
	GlobalSection(ExtensibilityGlobals) = postSolution
		SolutionGuid = {67024D0B-205F-4500-B001-7DFA91796C4B}
	EndGlobalSection
EndGlobal
